
Microsoft Visual Studio Solution File, Format Version 12.00
# Visual Studio Version 16
VisualStudioVersion = 16.0.31112.23
MinimumVisualStudioVersion = 10.0.40219.1
Project("{9A19103F-16F7-4668-BE54-9A1E7A4F7556}") = "Reflective", "Reflective\Reflective.csproj", "{0D575F3A-1507-4EBA-A77E-1E96F28FBB9C}"
EndProject
Project("{9A19103F-16F7-4668-BE54-9A1E7A4F7556}") = "Reflective.Tests", "Reflective.Tests\Reflective.Tests.csproj", "{0B964785-B5D5-4A87-8E3B-2A73E95D5579}"
EndProject
Project("{FAE04EC0-301F-11D3-BF4B-00C04F79EFBC}") = "Reflective.Benchmarks", "Reflective.Benchmarks\Reflective.Benchmarks.csproj", "{87A01E93-82C7-4543-98A7-34EC5F916910}"
EndProject
Global
	GlobalSection(SolutionConfigurationPlatforms) = preSolution
		Debug|Any CPU = Debug|Any CPU
		Release|Any CPU = Release|Any CPU
	EndGlobalSection
	GlobalSection(ProjectConfigurationPlatforms) = postSolution
		{0D575F3A-1507-4EBA-A77E-1E96F28FBB9C}.Debug|Any CPU.ActiveCfg = Debug|Any CPU
		{0D575F3A-1507-4EBA-A77E-1E96F28FBB9C}.Debug|Any CPU.Build.0 = Debug|Any CPU
		{0D575F3A-1507-4EBA-A77E-1E96F28FBB9C}.Release|Any CPU.ActiveCfg = Release|Any CPU
		{0D575F3A-1507-4EBA-A77E-1E96F28FBB9C}.Release|Any CPU.Build.0 = Release|Any CPU
		{0B964785-B5D5-4A87-8E3B-2A73E95D5579}.Debug|Any CPU.ActiveCfg = Debug|Any CPU
		{0B964785-B5D5-4A87-8E3B-2A73E95D5579}.Debug|Any CPU.Build.0 = Debug|Any CPU
		{0B964785-B5D5-4A87-8E3B-2A73E95D5579}.Release|Any CPU.ActiveCfg = Release|Any CPU
		{0B964785-B5D5-4A87-8E3B-2A73E95D5579}.Release|Any CPU.Build.0 = Release|Any CPU
		{87A01E93-82C7-4543-98A7-34EC5F916910}.Debug|Any CPU.ActiveCfg = Debug|Any CPU
		{87A01E93-82C7-4543-98A7-34EC5F916910}.Debug|Any CPU.Build.0 = Debug|Any CPU
		{87A01E93-82C7-4543-98A7-34EC5F916910}.Release|Any CPU.ActiveCfg = Release|Any CPU
		{87A01E93-82C7-4543-98A7-34EC5F916910}.Release|Any CPU.Build.0 = Release|Any CPU
	EndGlobalSection
	GlobalSection(SolutionProperties) = preSolution
		HideSolutionNode = FALSE
	EndGlobalSection
	GlobalSection(ExtensibilityGlobals) = postSolution
		SolutionGuid = {198FBB57-D8B3-4134-B4DC-29F2A8D13FD4}
	EndGlobalSection
EndGlobal
